
Microsoft Visual Studio Solution File, Format Version 12.00
# Visual Studio Version 17
VisualStudioVersion = 17.8.34525.116
MinimumVisualStudioVersion = 10.0.40219.1
Project("{9A19103F-16F7-4668-BE54-9A1E7A4F7556}") = "EFCore.Api", "EFCore\EFCore.Api.csproj", "{AFC12F2D-A763-4E9C-8835-E51B772CEF8F}"
EndProject
Project("{9A19103F-16F7-4668-BE54-9A1E7A4F7556}") = "EFCore.Infrastructure", "EFCore.Infrastructure\EFCore.Infrastructure.csproj", "{AA215A95-3144-4088-AC43-29D60A2811F6}"
EndProject
Project("{9A19103F-16F7-4668-BE54-9A1E7A4F7556}") = "EFCore.Domain", "EFCore.Domain\EFCore.Domain.csproj", "{65C62449-A57F-440C-A155-0642A6CAC7CB}"
EndProject
Project("{9A19103F-16F7-4668-BE54-9A1E7A4F7556}") = "EFCore.Console", "EFCore.Console\EFCore.Console.csproj", "{FB932353-9068-4C98-B60B-0CAD4D5872B0}"
EndProject
Project("{FAE04EC0-301F-11D3-BF4B-00C04F79EFBC}") = "EFCore.Resources", "EFCore.Resources\EFCore.Resources.csproj", "{E9467BA7-2319-4240-BBFF-C7D54AF2D579}"
EndProject
Global
	GlobalSection(SolutionConfigurationPlatforms) = preSolution
		Debug|Any CPU = Debug|Any CPU
		Release|Any CPU = Release|Any CPU
	EndGlobalSection
	GlobalSection(ProjectConfigurationPlatforms) = postSolution
		{AFC12F2D-A763-4E9C-8835-E51B772CEF8F}.Debug|Any CPU.ActiveCfg = Debug|Any CPU
		{AFC12F2D-A763-4E9C-8835-E51B772CEF8F}.Debug|Any CPU.Build.0 = Debug|Any CPU
		{AFC12F2D-A763-4E9C-8835-E51B772CEF8F}.Release|Any CPU.ActiveCfg = Release|Any CPU
		{AFC12F2D-A763-4E9C-8835-E51B772CEF8F}.Release|Any CPU.Build.0 = Release|Any CPU
		{AA215A95-3144-4088-AC43-29D60A2811F6}.Debug|Any CPU.ActiveCfg = Debug|Any CPU
		{AA215A95-3144-4088-AC43-29D60A2811F6}.Debug|Any CPU.Build.0 = Debug|Any CPU
		{AA215A95-3144-4088-AC43-29D60A2811F6}.Release|Any CPU.ActiveCfg = Release|Any CPU
		{AA215A95-3144-4088-AC43-29D60A2811F6}.Release|Any CPU.Build.0 = Release|Any CPU
		{65C62449-A57F-440C-A155-0642A6CAC7CB}.Debug|Any CPU.ActiveCfg = Debug|Any CPU
		{65C62449-A57F-440C-A155-0642A6CAC7CB}.Debug|Any CPU.Build.0 = Debug|Any CPU
		{65C62449-A57F-440C-A155-0642A6CAC7CB}.Release|Any CPU.ActiveCfg = Release|Any CPU
		{65C62449-A57F-440C-A155-0642A6CAC7CB}.Release|Any CPU.Build.0 = Release|Any CPU
		{FB932353-9068-4C98-B60B-0CAD4D5872B0}.Debug|Any CPU.ActiveCfg = Debug|Any CPU
		{FB932353-9068-4C98-B60B-0CAD4D5872B0}.Debug|Any CPU.Build.0 = Debug|Any CPU
		{FB932353-9068-4C98-B60B-0CAD4D5872B0}.Release|Any CPU.ActiveCfg = Release|Any CPU
		{FB932353-9068-4C98-B60B-0CAD4D5872B0}.Release|Any CPU.Build.0 = Release|Any CPU
		{E9467BA7-2319-4240-BBFF-C7D54AF2D579}.Debug|Any CPU.ActiveCfg = Debug|Any CPU
		{E9467BA7-2319-4240-BBFF-C7D54AF2D579}.Debug|Any CPU.Build.0 = Debug|Any CPU
		{E9467BA7-2319-4240-BBFF-C7D54AF2D579}.Release|Any CPU.ActiveCfg = Release|Any CPU
		{E9467BA7-2319-4240-BBFF-C7D54AF2D579}.Release|Any CPU.Build.0 = Release|Any CPU
	EndGlobalSection
	GlobalSection(SolutionProperties) = preSolution
		HideSolutionNode = FALSE
	EndGlobalSection
	GlobalSection(ExtensibilityGlobals) = postSolution
		SolutionGuid = {B791B0A1-6084-43DC-A60E-43659B6F0F4A}
	EndGlobalSection
EndGlobal
